
Microsoft Visual Studio Solution File, Format Version 12.00
# Visual Studio Version 17
VisualStudioVersion = 17.4.33122.133
MinimumVisualStudioVersion = 10.0.40219.1
Project("{2150E333-8FDC-42A3-9474-1A3956D46DE8}") = "src", "src", "{7606211F-6A48-42EA-8691-3ED69BACA10E}"
EndProject
Project("{FAE04EC0-301F-11D3-BF4B-00C04F79EFBC}") = "BlogApp.UI", "src\BlogApp.UI\BlogApp.UI.csproj", "{73E3C012-98A3-4477-B99F-C71F76295193}"
EndProject
Global
	GlobalSection(SolutionConfigurationPlatforms) = preSolution
		Debug|Any CPU = Debug|Any CPU
		Release|Any CPU = Release|Any CPU
	EndGlobalSection
	GlobalSection(ProjectConfigurationPlatforms) = postSolution
		{73E3C012-98A3-4477-B99F-C71F76295193}.Debug|Any CPU.ActiveCfg = Debug|Any CPU
		{73E3C012-98A3-4477-B99F-C71F76295193}.Debug|Any CPU.Build.0 = Debug|Any CPU
		{73E3C012-98A3-4477-B99F-C71F76295193}.Release|Any CPU.ActiveCfg = Release|Any CPU
		{73E3C012-98A3-4477-B99F-C71F76295193}.Release|Any CPU.Build.0 = Release|Any CPU
	EndGlobalSection
	GlobalSection(SolutionProperties) = preSolution
		HideSolutionNode = FALSE
	EndGlobalSection
	GlobalSection(NestedProjects) = preSolution
		{73E3C012-98A3-4477-B99F-C71F76295193} = {7606211F-6A48-42EA-8691-3ED69BACA10E}
	EndGlobalSection
	GlobalSection(ExtensibilityGlobals) = postSolution
		SolutionGuid = {C626F0E3-8D04-4361-B274-C77535652447}
	EndGlobalSection
EndGlobal
